# This file was autogenerated by Stack.
# You should not edit this file by hand.
# For more information, please see the documentation at:
#   https://docs.haskellstack.org/en/stable/lock_files

packages:
- completed:
    hackage: pwstore-fast-2.4.4@sha256:9b6a37510d8b9f37f409a8ab3babac9181afcaaa3fce8ba1c131a7ed3de30698,1351
    pantry-tree:
      sha256: ff4a44ede62515efe5cd366a5803f7183c811c4a0cf56eea88da94181c4844c0
      size: 270
  original:
    hackage: pwstore-fast-2.4.4
- completed:
    hackage: text-replace-0.0.0.4@sha256:88800aba160dfb512cf43b24063170d34900e1646ad21f28715a22679f42ae15,1738
    pantry-tree:
      sha256: a7d17c85a9637ef9cc6762ea4e9b932191ede485655b5d18d41292cc9475b105
      size: 293
  original:
    hackage: text-replace-0.0.0.4
- completed:
    hackage: servant-swagger-tags-0.1.0.1@sha256:2d743e9ad1cfcca537acc99e0b97e0e4feda3b5c842937dbf5895261e3105bf1,1094
    pantry-tree:
      sha256: 4329b4e1c1d70304cd19841aa6a56b2b7c7151a2cb9d193ffbfcf800d1f1966e
      size: 279
  original:
    hackage: servant-swagger-tags-0.1.0.1
- completed:
    hackage: fsutils-0.1.2@sha256:fb3eb68e03e4317352032642d3ed18c796c30f5a3bec40caef69cee0b859df5e,1028
    pantry-tree:
      sha256: f92ef28c1edc20a1653f074bc85e7862c81ff850893b4417b64a8582ce62b531
      size: 210
  original:
    hackage: fsutils-0.1.2
- completed:
    hackage: oidc-client-0.6.1.0@sha256:5829e916a8847e4eef64dd4bfba07d10636dc1f7b554a0d63ca1a09f2dabe448,3359
    pantry-tree:
      sha256: 193b18f756abdea389a0ec5cc6c20e621bf74ba3850fdfb895e01a6172fd7988
      size: 1298
  original:
    hackage: oidc-client-0.6.1.0
- completed:
    hackage: raven-haskell-0.1.4.1@sha256:0d27e37968327faba577558a2ee4465ebfd3b6929b09cf4881dfa62a6873c85a,1393
    pantry-tree:
      sha256: 1ecea1bcd6e0838239c27c924cbf8a3ffd4df439eca2bf310cabd043fd4644f8
      size: 632
  original:
    hackage: raven-haskell-0.1.4.1
- completed:
    hackage: rdf4h-5.0.1@sha256:76ecd4aa6b536add8d7c6c13aedd3e028d492d0044f28dba9eb130cfed063fdc,6470
    pantry-tree:
      sha256: 4c81222dbdb1a97adfb7f47421c404e6144c704e6806501d8e7d259f106b0fdd
      size: 4230
  original:
    hackage: rdf4h-5.0.1
- completed:
    hackage: jose-jwt-0.9.4@sha256:6db77f81cfcf81cf7faf8a4dc4b2110c1603dbb94249d49d069a17b4897e9d69,3560
    pantry-tree:
      sha256: fd3145cd8ab15be77d49522c454e86f17cf0f233ada7a623457926dbf6ea47e4
      size: 1231
  original:
    hackage: jose-jwt-0.9.4
- completed:
    hackage: ginger-0.10.4.0@sha256:7ca26896395fda951443ed3bba5f24fd6036c44167d424e744d1e0c8c6b138fd,3855
    pantry-tree:
      sha256: c3d93b51ba0e76853b217debb662cdcf5eca78288d49c809f823be27a072bfbf
      size: 1430
  original:
    hackage: ginger-0.10.4.0
- completed:
    hackage: lens-aeson-1.1.3@sha256:52c8eaecd2d1c2a969c0762277c4a8ee72c339a686727d5785932e72ef9c3050,1764
    pantry-tree:
      sha256: b31392b78f2a03111c805f4400007778eb93b49f998ab41dfbebaaf9b5526bad
      size: 541
  original:
    hackage: lens-aeson-1.1.3
snapshots:
- completed:
    sha256: fafa9d441155a77e7c0413cecdaaca2969b12b86c76d47c8d9c0f447c5ca1503
    size: 648420
    url: https://raw.githubusercontent.com/commercialhaskell/stackage-snapshots/master/nightly/2022/11/16.yaml
  original: nightly-2022-11-16
