# This file was autogenerated by Stack.
# You should not edit this file by hand.
# For more information, please see the documentation at:
#   https://docs.haskellstack.org/en/stable/lock_files

packages:
- completed:
    name: postgresql-migration
    pantry-tree:
      sha256: d85a152a91a3b2b9b04addf00ce43bbc93746a60d891178149be548d87b4dbbe
      size: 986
    sha256: 02106a3bd1434a6786535e3b057c981606756b8849cb3c3c9fa53dbc778b1b29
    size: 9987
    url: https://github.com/haskellify/postgresql-migration/archive/v1.0.0.tar.gz
    version: 1.0.0
  original:
    url: https://github.com/haskellify/postgresql-migration/archive/v1.0.0.tar.gz
- completed:
    name: rdf4h
    pantry-tree:
      sha256: 00267d706bce329123798a5367710d2469e670a369606af7292c1f6518bfe1c9
      size: 11234
    sha256: b053c7462b8d050be5f6dc6c42d17d1974137dee58c8036279c86d4d9a65d16d
    size: 1048078
    url: https://github.com/haskellify/rdf4h/archive/v5.0.1.tar.gz
    version: 5.0.1
  original:
    url: https://github.com/haskellify/rdf4h/archive/v5.0.1.tar.gz
- completed:
    name: servant-errors
    pantry-tree:
      sha256: fe090925accee04e661e6389d665b096b794f846f1a280eacfe2b97aaa7d6869
      size: 616
    sha256: 1d30939e26b21e824fac31f35b0c6b903a45e7092e6b26c0ab875dca07b44129
    size: 8210
    url: https://github.com/haskellify/servant-errors/archive/v0.1.7.0.tar.gz
    version: 0.1.7.0
  original:
    url: https://github.com/haskellify/servant-errors/archive/v0.1.7.0.tar.gz
- completed:
    name: servant-mock
    pantry-tree:
      sha256: 229f8882c5724dd6ef7ab6bff426083837b43293ef6274b7a69c70e8cdfe9dd9
      size: 803
    sha256: dc0710f5dc2a2b6a5620aabab595adc10c0889a50f94ffe7ea95b0d96b4f858d
    size: 8610
    url: https://github.com/haskellify/servant-mock/archive/v0.8.7.tar.gz
    version: 0.8.7
  original:
    url: https://github.com/haskellify/servant-mock/archive/v0.8.7.tar.gz
- completed:
    hackage: text-replace-0.0.0.4@sha256:88800aba160dfb512cf43b24063170d34900e1646ad21f28715a22679f42ae15,1738
    pantry-tree:
      sha256: a7d17c85a9637ef9cc6762ea4e9b932191ede485655b5d18d41292cc9475b105
      size: 293
  original:
    hackage: text-replace-0.0.0.4
- completed:
    hackage: servant-swagger-tags-0.1.0.1@sha256:2d743e9ad1cfcca537acc99e0b97e0e4feda3b5c842937dbf5895261e3105bf1,1094
    pantry-tree:
      sha256: 4329b4e1c1d70304cd19841aa6a56b2b7c7151a2cb9d193ffbfcf800d1f1966e
      size: 279
  original:
    hackage: servant-swagger-tags-0.1.0.1
- completed:
    hackage: fsutils-0.1.2@sha256:fb3eb68e03e4317352032642d3ed18c796c30f5a3bec40caef69cee0b859df5e,1028
    pantry-tree:
      sha256: f92ef28c1edc20a1653f074bc85e7862c81ff850893b4417b64a8582ce62b531
      size: 210
  original:
    hackage: fsutils-0.1.2
- completed:
    hackage: oidc-client-0.6.1.0@sha256:5829e916a8847e4eef64dd4bfba07d10636dc1f7b554a0d63ca1a09f2dabe448,3359
    pantry-tree:
      sha256: 193b18f756abdea389a0ec5cc6c20e621bf74ba3850fdfb895e01a6172fd7988
      size: 1298
  original:
    hackage: oidc-client-0.6.1.0
- completed:
    hackage: raven-haskell-0.1.4.1@sha256:0d27e37968327faba577558a2ee4465ebfd3b6929b09cf4881dfa62a6873c85a,1393
    pantry-tree:
      sha256: 1ecea1bcd6e0838239c27c924cbf8a3ffd4df439eca2bf310cabd043fd4644f8
      size: 632
  original:
    hackage: raven-haskell-0.1.4.1
- completed:
    hackage: ginger-0.10.4.0@sha256:7ca26896395fda951443ed3bba5f24fd6036c44167d424e744d1e0c8c6b138fd,3855
    pantry-tree:
      sha256: c3d93b51ba0e76853b217debb662cdcf5eca78288d49c809f823be27a072bfbf
      size: 1430
  original:
    hackage: ginger-0.10.4.0
- completed:
    hackage: minio-hs-1.6.0@sha256:f1e2c9b9a0586d8ccf993642692dbb4a1fb907181e1fedb5d3e58d0394ac9a47,10866
    pantry-tree:
      sha256: 054ae4a413bda9b40015797ebdd2ea159ca63f005d71a10e067309709a39bf47
      size: 4028
  original:
    hackage: minio-hs-1.6.0
- completed:
    hackage: servant-multipart-0.12.1@sha256:b482509b17371e56ef16179388f8221deffdf87fe32915bf3abb5eff4ce36bf2,2028
    pantry-tree:
      sha256: bb9f0808f90cf98cc23b169b3a99ea95548f958d2e773987351c4c9974323028
      size: 332
  original:
    hackage: servant-multipart-0.12.1
- completed:
    hackage: relude-1.1.0.0@sha256:fe82b67d4560b9eff8d7dd12c5e1f786b25d52d64f7302ad82a3bbec9a0bd55e,11747
    pantry-tree:
      sha256: 1482f23099d4b66e2db69e90403456c51cd2573bb0f3e51b86d449c3cf47ebc8
      size: 4286
  original:
    hackage: relude-1.1.0.0
- completed:
    hackage: servant-docs-0.12@sha256:73fd8901a9dbe4d2c563b7da0b94c75f7755ee9059eec80ff621f415a8d3ef6a,3383
    pantry-tree:
      sha256: 9b5c1fbbecfc901c58f46cbb944f40324e8ebeec82b7024c09fc89ab55e4ac83
      size: 702
  original:
    hackage: servant-docs-0.12
- completed:
    hackage: servant-foreign-0.15.4@sha256:ba0b1bca0d9fa4b09b59f6b4fcaccdfac38bd3da6dad80f23242ad6e869e67b0,2873
    pantry-tree:
      sha256: 0e0552f97d1ccf6b79776dde4b5d9bc7d474233612312eb0888112d0f66d7e57
      size: 590
  original:
    hackage: servant-foreign-0.15.4
snapshots:
- completed:
    sha256: 64c6832b8a5f11f1435bc24fd41153d192796510751b628b65262989b160edd7
    size: 639134
    url: https://raw.githubusercontent.com/commercialhaskell/stackage-snapshots/master/nightly/2023/6/21.yaml
  original: nightly-2023-06-21
