# This file was autogenerated by Stack.
# You should not edit this file by hand.
# For more information, please see the documentation at:
#   https://docs.haskellstack.org/en/stable/topics/lock_files

packages:
- completed:
    name: postgresql-migration
    pantry-tree:
      sha256: d85a152a91a3b2b9b04addf00ce43bbc93746a60d891178149be548d87b4dbbe
      size: 986
    sha256: 02106a3bd1434a6786535e3b057c981606756b8849cb3c3c9fa53dbc778b1b29
    size: 9987
    url: https://github.com/haskellify/postgresql-migration/archive/v1.0.0.tar.gz
    version: 1.0.0
  original:
    url: https://github.com/haskellify/postgresql-migration/archive/v1.0.0.tar.gz
- completed:
    name: rdf4h
    pantry-tree:
      sha256: 00267d706bce329123798a5367710d2469e670a369606af7292c1f6518bfe1c9
      size: 11234
    sha256: b053c7462b8d050be5f6dc6c42d17d1974137dee58c8036279c86d4d9a65d16d
    size: 1048078
    url: https://github.com/haskellify/rdf4h/archive/v5.0.1.tar.gz
    version: 5.0.1
  original:
    url: https://github.com/haskellify/rdf4h/archive/v5.0.1.tar.gz
- completed:
    name: servant-errors
    pantry-tree:
      sha256: fe090925accee04e661e6389d665b096b794f846f1a280eacfe2b97aaa7d6869
      size: 616
    sha256: 1d30939e26b21e824fac31f35b0c6b903a45e7092e6b26c0ab875dca07b44129
    size: 8210
    url: https://github.com/haskellify/servant-errors/archive/v0.1.7.0.tar.gz
    version: 0.1.7.0
  original:
    url: https://github.com/haskellify/servant-errors/archive/v0.1.7.0.tar.gz
- completed:
    name: servant-mock
    pantry-tree:
      sha256: 229f8882c5724dd6ef7ab6bff426083837b43293ef6274b7a69c70e8cdfe9dd9
      size: 803
    sha256: dc0710f5dc2a2b6a5620aabab595adc10c0889a50f94ffe7ea95b0d96b4f858d
    size: 8610
    url: https://github.com/haskellify/servant-mock/archive/v0.8.7.tar.gz
    version: 0.8.7
  original:
    url: https://github.com/haskellify/servant-mock/archive/v0.8.7.tar.gz
- completed:
    name: cron
    pantry-tree:
      sha256: 74a97cf94a1272c96f8e25889978d36234a03e95b8c8d73c9ca34b9b0a790d0d
      size: 1928
    sha256: 4f71fa88c8f3a0cac0ca8a7ac2a0487e3e045581f03467dd8624514098d3abb6
    size: 26965
    url: https://github.com/haskellify/cron/archive/cef3249aae7977b607dd4638a65d6a985b2f5759.tar.gz
    version: 0.7.0
  original:
    url: https://github.com/haskellify/cron/archive/cef3249aae7977b607dd4638a65d6a985b2f5759.tar.gz
- completed:
    name: minio-hs
    pantry-tree:
      sha256: 78fda4b96ecdb677c18f56d06c1ba465146aa17627fcd1669149e7d4d6a1df70
      size: 4744
    sha256: 7d591fcb502b70545f4dc41274cecde1debaf78c7094c5186b808d76458996ac
    size: 98165
    url: https://github.com/haskellify/minio-hs/archive/83446d193f9bba02b758d2f1bd34a642f575238c.tar.gz
    version: 1.7.0
  original:
    url: https://github.com/haskellify/minio-hs/archive/83446d193f9bba02b758d2f1bd34a642f575238c.tar.gz
- completed:
    name: connection
    pantry-tree:
      sha256: 0b2c8a67df69307dcb32d33b4f7a33a90e81b3d6c3164ba8e9b2b855255ea0a1
      size: 978
    sha256: e00c8a7d9f2162974f68b6c8a5beeeae2301c4908f6f07520ae4b564ee3abb2f
    size: 11513
    url: https://github.com/JonathanLorimer/hs-connection/archive/1dc000d38963de0e4c3954b27d4fe0e5f1d9cee2.tar.gz
    version: 0.4.1
  original:
    url: https://github.com/JonathanLorimer/hs-connection/archive/1dc000d38963de0e4c3954b27d4fe0e5f1d9cee2.tar.gz
- completed:
    name: amazonka
    pantry-tree:
      sha256: ca46d1e434972635cc1a5fdced6a33b1203227edd4614e09b3f59134c65b8983
      size: 1528
    sha256: a678b4c468ed87aad953b4c62eaae4a60a78c099f353e42439008fe33f5e67b2
    size: 34732126
    subdir: lib/amazonka
    url: https://github.com/endgame/amazonka/archive/0c1813fe8e48d726a91e7dcf239ac9e6db64dff3.tar.gz
    version: '2.0'
  original:
    subdir: lib/amazonka
    url: https://github.com/endgame/amazonka/archive/0c1813fe8e48d726a91e7dcf239ac9e6db64dff3.tar.gz
- completed:
    name: amazonka-core
    pantry-tree:
      sha256: b86f40dfb68a3f20032c595300fc4a7ba1c0769615dd707edb105349cc41908e
      size: 3222
    sha256: a678b4c468ed87aad953b4c62eaae4a60a78c099f353e42439008fe33f5e67b2
    size: 34732126
    subdir: lib/amazonka-core
    url: https://github.com/endgame/amazonka/archive/0c1813fe8e48d726a91e7dcf239ac9e6db64dff3.tar.gz
    version: '2.0'
  original:
    subdir: lib/amazonka-core
    url: https://github.com/endgame/amazonka/archive/0c1813fe8e48d726a91e7dcf239ac9e6db64dff3.tar.gz
- completed:
    name: amazonka-lambda
    pantry-tree:
      sha256: e99dc2ab8f03c47702d3ba13cd416942e2143b4e494136d482749d2d47ee09ac
      size: 21343
    sha256: a678b4c468ed87aad953b4c62eaae4a60a78c099f353e42439008fe33f5e67b2
    size: 34732126
    subdir: lib/services/amazonka-lambda
    url: https://github.com/endgame/amazonka/archive/0c1813fe8e48d726a91e7dcf239ac9e6db64dff3.tar.gz
    version: '2.0'
  original:
    subdir: lib/services/amazonka-lambda
    url: https://github.com/endgame/amazonka/archive/0c1813fe8e48d726a91e7dcf239ac9e6db64dff3.tar.gz
- completed:
    name: amazonka-sso
    pantry-tree:
      sha256: f8897d82072d662605f60dc3d18e921c04bbb337b5d7caaeaece36fc8aee7fb9
      size: 1817
    sha256: a678b4c468ed87aad953b4c62eaae4a60a78c099f353e42439008fe33f5e67b2
    size: 34732126
    subdir: lib/services/amazonka-sso
    url: https://github.com/endgame/amazonka/archive/0c1813fe8e48d726a91e7dcf239ac9e6db64dff3.tar.gz
    version: '2.0'
  original:
    subdir: lib/services/amazonka-sso
    url: https://github.com/endgame/amazonka/archive/0c1813fe8e48d726a91e7dcf239ac9e6db64dff3.tar.gz
- completed:
    name: amazonka-sts
    pantry-tree:
      sha256: b2a18c0a04c999f9f32e114ad94bf76a89e463dbb16063ebf0899ee28808f898
      size: 2880
    sha256: a678b4c468ed87aad953b4c62eaae4a60a78c099f353e42439008fe33f5e67b2
    size: 34732126
    subdir: lib/services/amazonka-sts
    url: https://github.com/endgame/amazonka/archive/0c1813fe8e48d726a91e7dcf239ac9e6db64dff3.tar.gz
    version: '2.0'
  original:
    subdir: lib/services/amazonka-sts
    url: https://github.com/endgame/amazonka/archive/0c1813fe8e48d726a91e7dcf239ac9e6db64dff3.tar.gz
- completed:
    hackage: base64-1.0@sha256:ab8084608505f30d6cf7dd790271f927fd8a00956c5e7f5546f5cf56b298022c,2991
    pantry-tree:
      sha256: 62150ae24db8e07f966679024406de4cdfe13556c9afce807f4f24d7ec03d0b5
      size: 2229
  original:
    hackage: base64-1.0
- completed:
    hackage: fsutils-0.1.2@sha256:fb3eb68e03e4317352032642d3ed18c796c30f5a3bec40caef69cee0b859df5e,1028
    pantry-tree:
      sha256: f92ef28c1edc20a1653f074bc85e7862c81ff850893b4417b64a8582ce62b531
      size: 210
  original:
    hackage: fsutils-0.1.2
- completed:
    hackage: ginger-0.10.5.2@sha256:a6657c23ca63d3d84587bb93bf7cc3e35fac1d1cb3fe8df4576dc58c0a18b3c9,3083
    pantry-tree:
      sha256: db9f63b22c17fe047ca26fdae4de2b0239b8a741a910578328ccda1fc72a4d0b
      size: 1430
  original:
    hackage: ginger-0.10.5.2
- completed:
    hackage: hashable-1.5.0.0@sha256:2f23146cbe0325029927b221647695a4c7d6e97548ff731110979e34361f58ef,5914
    pantry-tree:
      sha256: 3129079baae1af3e7c9dd4585ae667138b69892cefa7c40c392d2cdaefa757c8
      size: 1578
  original:
    hackage: hashable-1.5.0.0
- completed:
    hackage: haskell-src-meta-0.8.14@sha256:80acc5646e6dfead5f08307e3296a9b455bc7753fa6bc07f7813057713e3fd58,2542
    pantry-tree:
      sha256: ed2553c05c050a5dc09257810d46cb023fde7d94d3b11c4cf83f18a65f0f0507
      size: 1120
  original:
    hackage: haskell-src-meta-0.8.14
- completed:
    hackage: html-entities-1.1.4.7@sha256:3929ff34cbd35a841b0f57037cf7e1d93a66b61197ab279aad7f71c715ad514c,1953
    pantry-tree:
      sha256: cf88898407173f9cdc58a0639604cfbcff7440f84053ad8969aa91b87ea0d5fb
      size: 540
  original:
    hackage: html-entities-1.1.4.7
- completed:
    hackage: jose-jwt-0.10.0@sha256:6ed175a01c721e317ceea15eb251a81de145c03711a977517935633a5cdec1d4,3546
    pantry-tree:
      sha256: 58649e68e2d1adb47d8ed8741bd27ac23a2f19e3ee62bc28a68ac8642b3e0858
      size: 1231
  original:
    hackage: jose-jwt-0.10.0
- completed:
    hackage: lens-5.3.3@sha256:b0dad972e401df9ddb8df98c7153f661c077607bfed83b210fd9508ba6f44f8d,14839
    pantry-tree:
      sha256: 8cfccd6f020672c602d0902904bb2ed4bd8f2e8ca35564b8d0ceb06a35223461
      size: 8405
  original:
    hackage: lens-5.3.3
- completed:
    hackage: oidc-client-0.6.1.0@sha256:5829e916a8847e4eef64dd4bfba07d10636dc1f7b554a0d63ca1a09f2dabe448,3359
    pantry-tree:
      sha256: 193b18f756abdea389a0ec5cc6c20e621bf74ba3850fdfb895e01a6172fd7988
      size: 1298
  original:
    hackage: oidc-client-0.6.1.0
- completed:
    hackage: raven-haskell-0.1.4.1@sha256:9187272adc064197528645b5ad9b89163b668f386f34016d97fa646d5c790784,1479
    pantry-tree:
      sha256: e8f14bfed6b055dc95933257441ba97d3d779cbe08a0e82c3c2dff5d69c8c48f
      size: 632
  original:
    hackage: raven-haskell-0.1.4.1
- completed:
    hackage: servant-swagger-1.2@sha256:db79bf9d08440843aae06780e1d139d374f29317d01276de315236f4c0256d63,4790
    pantry-tree:
      sha256: b62e0f004fb32510cd2b4694ab49a06096ad81e6f6d9020fc053a8c67457a4da
      size: 1636
  original:
    hackage: servant-swagger-1.2
- completed:
    hackage: servant-swagger-tags-0.1.0.1@sha256:2d743e9ad1cfcca537acc99e0b97e0e4feda3b5c842937dbf5895261e3105bf1,1094
    pantry-tree:
      sha256: 4329b4e1c1d70304cd19841aa6a56b2b7c7151a2cb9d193ffbfcf800d1f1966e
      size: 279
  original:
    hackage: servant-swagger-tags-0.1.0.1
- completed:
    hackage: servant-swagger-ui-0.3.5.5.0.0@sha256:a008f166840f393eebccd634e7abfac0f2df1498713516037dc531607626fcc9,2305
    pantry-tree:
      sha256: a025f19ef094aec860ed8928312970fe90da20e543c2617c438ff4d031bf078a
      size: 1754
  original:
    hackage: servant-swagger-ui-0.3.5.5.0.0
- completed:
    hackage: servant-swagger-ui-core-0.3.5@sha256:61cf59a7e9eb7075f2c7aba0782cdee7caf8f6db156ddada26ae22037e5e8a0f,1771
    pantry-tree:
      sha256: 4fa79fccb6193a5ac5c978d3b73fabb459eb6801dc023b54f06462a5f9da2f50
      size: 244
  original:
    hackage: servant-swagger-ui-core-0.3.5
- completed:
    hackage: swagger2-2.8.8@sha256:f7937b2455112e3fb9399a4e303b616474b11065d3334acdcc197bedafe4c713,4518
    pantry-tree:
      sha256: 1148ea39007e0a0c602d5c78ec108f24993cec34aaa15954140fb557ed9daf3a
      size: 2192
  original:
    hackage: swagger2-2.8.8
- completed:
    hackage: text-short-0.1.6@sha256:41be94ccd3f6646ab69b0b05c5130ea3c7911a4598ab9b9192f21ad25a69163a,2827
    pantry-tree:
      sha256: fde373a157e72b0c4c9c331f2c136a9fd60383c4c85bd8e841cb78f29ad852ed
      size: 612
  original:
    hackage: text-short-0.1.6
- completed:
    hackage: text-replace-0.0.0.4@sha256:88800aba160dfb512cf43b24063170d34900e1646ad21f28715a22679f42ae15,1738
    pantry-tree:
      sha256: a7d17c85a9637ef9cc6762ea4e9b932191ede485655b5d18d41292cc9475b105
      size: 293
  original:
    hackage: text-replace-0.0.0.4
- completed:
    hackage: th-compat-0.1.6@sha256:e83d97946f84fe492762ceb3b4753b4770c78b0b70e594078700baa91a5106c2,2885
    pantry-tree:
      sha256: 05c1425853d7be82b203be8d22a00a0e8e271f0d71e463addf1ba72dd4f5bc9b
      size: 530
  original:
    hackage: th-compat-0.1.6
- completed:
    hackage: time-parsers-0.2@sha256:393d52ebb968035129a90c9dfd56ea3de8e81900e8c26b33dce1b22571a040f2,1911
    pantry-tree:
      sha256: 4fb641abf3ca36aa085d5dd142b8b8ef01a034573cd4f0697641ddf7c082de83
      size: 435
  original:
    hackage: time-parsers-0.2
snapshots:
- completed:
    sha256: fb194ea04d72ba9680dc67ce413af055913d48fee1e7e2433e2d36441c19e094
    size: 556051
    url: https://raw.githubusercontent.com/commercialhaskell/stackage-snapshots/master/nightly/2024/1/10.yaml
  original: nightly-2024-01-10
